{
  "name": "centeridentity",
  "version": "1.0.15",
  "lockfileVersion": 1,
  "requires": true,
  "dependencies": {
    "jquery-lite": {
      "version": "2.2.3",
      "resolved": "https://registry.npmjs.org/jquery-lite/-/jquery-lite-2.2.3.tgz",
      "integrity": "sha1-r3qKKjV/4FfC3n8e33Q+DoV6GS4="
    },
    "node-forge": {
      "version": "0.9.1",
      "resolved": "https://registry.npmjs.org/node-forge/-/node-forge-0.9.1.tgz",
      "integrity": "sha512-G6RlQt5Sb4GMBzXvhfkeFmbqR6MzhtnT7VTHuLadjkii3rdYHNdw0m8zA4BTxVIh68FicCQ2NSUANpsqkr9jvQ=="
    }
  }
}
